{
  "name": "test-acdmp-mahery",
  "version": "1.0.0",
  "lockfileVersion": 3,
  "requires": true,
  "packages": {
    "": {
      "name": "test-acdmp-mahery",
      "version": "1.0.0",
      "license": "ISC",
      "dependencies": {
        "commander": "^14.0.0",
        "fflate": "^0.8.2",
        "pdfreader": "^3.0.7"
      },
      "bin": {
        "acdmp": "index.js"
      }
    },
    "node_modules/commander": {
      "version": "14.0.0",
      "resolved": "https://registry.npmjs.org/commander/-/commander-14.0.0.tgz",
      "integrity": "sha512-2uM9rYjPvyq39NwLRqaiLtWHyDC1FvryJDa2ATTVims5YAS4PupsEQsDvP14FqhFr0P49CYDugi59xaxJlTXRA==",
      "license": "MIT",
      "engines": {
        "node": ">=20"
      }
    },
    "node_modules/fflate": {
      "version": "0.8.2",
      "resolved": "https://registry.npmjs.org/fflate/-/fflate-0.8.2.tgz",
      "integrity": "sha512-cPJU47OaAoCbg0pBvzsgpTPhmhqI5eJjh/JIu8tPj5q+T7iLvW/JAYUqmE7KOB4R1ZyEhzBaIQpQpardBF5z8A==",
      "license": "MIT"
    },
    "node_modules/pdf2json": {
      "version": "3.1.4",
      "resolved": "https://registry.npmjs.org/pdf2json/-/pdf2json-3.1.4.tgz",
      "integrity": "sha512-rS+VapXpXZr+5lUpHmRh3ugXdFXp24p1RyG24yP1DMpqP4t0mrYNGpLtpSbWD42PnQ59GIXofxF+yWb7M+3THg==",
      "bundleDependencies": [
        "@xmldom/xmldom"
      ],
      "license": "Apache-2.0",
      "dependencies": {
        "@xmldom/xmldom": "^0.8.10"
      },
      "bin": {
        "pdf2json": "bin/pdf2json.js"
      },
      "engines": {
        "node": ">=18.12.1",
        "npm": ">=8.19.2"
      }
    },
    "node_modules/pdf2json/node_modules/@xmldom/xmldom": {
      "version": "0.8.10",
      "inBundle": true,
      "license": "MIT",
      "engines": {
        "node": ">=10.0.0"
      }
    },
    "node_modules/pdfreader": {
      "version": "3.0.7",
      "resolved": "https://registry.npmjs.org/pdfreader/-/pdfreader-3.0.7.tgz",
      "integrity": "sha512-68Htw7su6HDJGGKv9tkjilRyf8zaHulEKRCgCwx4FE8krcMB8iBtM46Smjjez0jFm45dUKYXJzThyLwCqfQlCQ==",
      "license": "MIT",
      "dependencies": {
        "pdf2json": "3.1.4"
      },
      "engines": {
        "node": ">=14"
      }
    }
  }
}
